{
  "name": "radio-browser-cz",
  "version": "1.0.0",
  "lockfileVersion": 1,
  "requires": true,
  "dependencies": {
    "node-fetch": {
      "version": "2.6.1",
      "resolved": "https://registry.npmjs.org/node-fetch/-/node-fetch-2.6.1.tgz",
      "integrity": "sha512-V4aYg89jEoVRxRb2fJdAg8FHvI7cEyYdVAh94HH0UIK8oJxUfkjlDQN9RbMx+bEjP7+ggMiFRprSti032Oipxw=="
    },
    "radio-browser": {
      "version": "2.1.7",
      "resolved": "https://registry.npmjs.org/radio-browser/-/radio-browser-2.1.7.tgz",
      "integrity": "sha512-xUdg4Fok7IVkWwuJzHnddXrmK5/fP7IzKSneqJcvZQOTYFLX+bJR5ofxWt1UhFZv2T+fOPOfJNN/4DAB48mWlw=="
    }
  }
}
